
Microsoft Visual Studio Solution File, Format Version 12.00
# Visual Studio Version 16
VisualStudioVersion = 16.0.29509.3
MinimumVisualStudioVersion = 10.0.40219.1
Project("{9A19103F-16F7-4668-BE54-9A1E7A4F7556}") = "Urgent.Domain", "Urgent.Domain\Urgent.Domain.csproj", "{EA6C0333-DAF6-4CEF-8BC6-F63A08843E72}"
EndProject
Project("{9A19103F-16F7-4668-BE54-9A1E7A4F7556}") = "Urgent.Application", "Urgent.Application\Urgent.Application.csproj", "{24764B54-28B2-4905-AD62-6189C4BF7DBE}"
EndProject
Project("{FAE04EC0-301F-11D3-BF4B-00C04F79EFBC}") = "Urgent.Tests", "Urgent.Tests\Urgent.Tests.csproj", "{D94D2B7A-097F-44E4-B1B4-EB2C8DCAA77B}"
EndProject
Global
	GlobalSection(SolutionConfigurationPlatforms) = preSolution
		Debug|Any CPU = Debug|Any CPU
		Release|Any CPU = Release|Any CPU
	EndGlobalSection
	GlobalSection(ProjectConfigurationPlatforms) = postSolution
		{EA6C0333-DAF6-4CEF-8BC6-F63A08843E72}.Debug|Any CPU.ActiveCfg = Debug|Any CPU
		{EA6C0333-DAF6-4CEF-8BC6-F63A08843E72}.Debug|Any CPU.Build.0 = Debug|Any CPU
		{EA6C0333-DAF6-4CEF-8BC6-F63A08843E72}.Release|Any CPU.ActiveCfg = Release|Any CPU
		{EA6C0333-DAF6-4CEF-8BC6-F63A08843E72}.Release|Any CPU.Build.0 = Release|Any CPU
		{24764B54-28B2-4905-AD62-6189C4BF7DBE}.Debug|Any CPU.ActiveCfg = Debug|Any CPU
		{24764B54-28B2-4905-AD62-6189C4BF7DBE}.Debug|Any CPU.Build.0 = Debug|Any CPU
		{24764B54-28B2-4905-AD62-6189C4BF7DBE}.Release|Any CPU.ActiveCfg = Release|Any CPU
		{24764B54-28B2-4905-AD62-6189C4BF7DBE}.Release|Any CPU.Build.0 = Release|Any CPU
		{D94D2B7A-097F-44E4-B1B4-EB2C8DCAA77B}.Debug|Any CPU.ActiveCfg = Debug|Any CPU
		{D94D2B7A-097F-44E4-B1B4-EB2C8DCAA77B}.Debug|Any CPU.Build.0 = Debug|Any CPU
		{D94D2B7A-097F-44E4-B1B4-EB2C8DCAA77B}.Release|Any CPU.ActiveCfg = Release|Any CPU
		{D94D2B7A-097F-44E4-B1B4-EB2C8DCAA77B}.Release|Any CPU.Build.0 = Release|Any CPU
	EndGlobalSection
	GlobalSection(SolutionProperties) = preSolution
		HideSolutionNode = FALSE
	EndGlobalSection
	GlobalSection(ExtensibilityGlobals) = postSolution
		SolutionGuid = {DC7F2E15-543A-4FE1-9F43-49DAB0E68049}
	EndGlobalSection
EndGlobal
